// !$*UTF8*$!
{
	archiveVersion = 1;
	classes = {
	};
	objectVersion = 46;
	objects = {

/* Begin PBXBuildFile section */
		4AA6A50815D1224A002AF56F /* UIKit.framework in Frameworks */ = {isa = PBXBuildFile; fileRef = 4AA6A50715D1224A002AF56F /* UIKit.framework */; };
		4AA6A50A15D1224A002AF56F /* Foundation.framework in Frameworks */ = {isa = PBXBuildFile; fileRef = 4AA6A50915D1224A002AF56F /* Foundation.framework */; };
		4AA6A50C15D1224A002AF56F /* CoreGraphics.framework in Frameworks */ = {isa = PBXBuildFile; fileRef = 4AA6A50B15D1224A002AF56F /* CoreGraphics.framework */; };
		4AA6A51215D1224A002AF56F /* InfoPlist.strings in Resources */ = {isa = PBXBuildFile; fileRef = 4AA6A51015D1224A002AF56F /* InfoPlist.strings */; };
		4AA6A51415D1224A002AF56F /* main.m in Sources */ = {isa = PBXBuildFile; fileRef = 4AA6A51315D1224A002AF56F /* main.m */; };
		4AA6A51815D1224A002AF56F /* FZAppDelegate.m in Sources */ = {isa = PBXBuildFile; fileRef = 4AA6A51715D1224A002AF56F /* FZAppDelegate.m */; };
		4AA6A51B15D1224A002AF56F /* MainStoryboard.storyboard in Resources */ = {isa = PBXBuildFile; fileRef = 4AA6A51915D1224A002AF56F /* MainStoryboard.storyboard */; };
		4AA6A51E15D1224A002AF56F /* FZViewController.m in Sources */ = {isa = PBXBuildFile; fileRef = 4AA6A51D15D1224A002AF56F /* FZViewController.m */; };
/* End PBXBuildFile section */

/* Begin PBXFileReference section */
		4AA6A50315D12249002AF56F /* textFieldA.app */ = {isa = PBXFileReference; explicitFileType = wrapper.application; includeInIndex = 0; path = textFieldA.app; sourceTree = BUILT_PRODUCTS_DIR; };
		4AA6A50715D1224A002AF56F /* UIKit.framework */ = {isa = PBXFileReference; lastKnownFileType = wrapper.framework; name = UIKit.framework; path = System/Library/Frameworks/UIKit.framework; sourceTree = SDKROOT; };
		4AA6A50915D1224A002AF56F /* Foundation.framework */ = {isa = PBXFileReference; lastKnownFileType = wrapper.framework; name = Foundation.framework; path = System/Library/Frameworks/Foundation.framework; sourceTree = SDKROOT; };
		4AA6A50B15D1224A002AF56F /* CoreGraphics.framework */ = {isa = PBXFileReference; lastKnownFileType = wrapper.framework; name = CoreGraphics.framework; path = System/Library/Frameworks/CoreGraphics.framework; sourceTree = SDKROOT; };
		4AA6A50F15D1224A002AF56F /* textFieldA-Info.plist */ = {isa = PBXFileReference; lastKnownFileType = text.plist.xml; path = "textFieldA-Info.plist"; sourceTree = "<group>"; };
		4AA6A51115D1224A002AF56F /* en */ = {isa = PBXFileReference; lastKnownFileType = text.plist.strings; name = en; path = en.lproj/InfoPlist.strings; sourceTree = "<group>"; };
		4AA6A51315D1224A002AF56F /* main.m */ = {isa = PBXFileReference; lastKnownFileType = sourcecode.c.objc; path = main.m; sourceTree = "<group>"; };
		4AA6A51515D1224A002AF56F /* textFieldA-Prefix.pch */ = {isa = PBXFileReference; lastKnownFileType = sourcecode.c.h; path = "textFieldA-Prefix.pch"; sourceTree = "<group>"; };
		4AA6A51615D1224A002AF56F /* FZAppDelegate.h */ = {isa = PBXFileReference; lastKnownFileType = sourcecode.c.h; path = FZAppDelegate.h; sourceTree = "<group>"; };
		4AA6A51715D1224A002AF56F /* FZAppDelegate.m */ = {isa = PBXFileReference; lastKnownFileType = sourcecode.c.objc; path = FZAppDelegate.m; sourceTree = "<group>"; };
		4AA6A51A15D1224A002AF56F /* en */ = {isa = PBXFileReference; lastKnownFileType = file.storyboard; name = en; path = en.lproj/MainStoryboard.storyboard; sourceTree = "<group>"; };
		4AA6A51C15D1224A002AF56F /* FZViewController.h */ = {isa = PBXFileReference; lastKnownFileType = sourcecode.c.h; path = FZViewController.h; sourceTree = "<group>"; };
		4AA6A51D15D1224A002AF56F /* FZViewController.m */ = {isa = PBXFileReference; lastKnownFileType = sourcecode.c.objc; path = FZViewController.m; sourceTree = "<group>"; };
/* End PBXFileReference section */

/* Begin PBXFrameworksBuildPhase section */
		4AA6A50015D12249002AF56F /* Frameworks */ = {
			isa = PBXFrameworksBuildPhase;
			buildActionMask = 2147483647;
			files = (
				4AA6A50815D1224A002AF56F /* UIKit.framework in Frameworks */,
				4AA6A50A15D1224A002AF56F /* Foundation.framework in Frameworks */,
				4AA6A50C15D1224A002AF56F /* CoreGraphics.framework in Frameworks */,
			);
			runOnlyForDeploymentPostprocessing = 0;
		};
/* End PBXFrameworksBuildPhase section */

/* Begin PBXGroup section */
		4AA6A4F815D12249002AF56F = {
			isa = PBXGroup;
			children = (
				4AA6A50D15D1224A002AF56F /* textFieldA */,
				4AA6A50615D1224A002AF56F /* Frameworks */,
				4AA6A50415D12249002AF56F /* Products */,
			);
			sourceTree = "<group>";
		};
		4AA6A50415D12249002AF56F /* Products */ = {
			isa = PBXGroup;
			children = (
				4AA6A50315D12249002AF56F /* textFieldA.app */,
			);
			name = Products;
			sourceTree = "<group>";
		};
		4AA6A50615D1224A002AF56F /* Frameworks */ = {
			isa = PBXGroup;
			children = (
				4AA6A50715D1224A002AF56F /* UIKit.framework */,
				4AA6A50915D1224A002AF56F /* Foundation.framework */,
				4AA6A50B15D1224A002AF56F /* CoreGraphics.framework */,
			);
			name = Frameworks;
			sourceTree = "<group>";
		};
		4AA6A50D15D1224A002AF56F /* textFieldA */ = {
			isa = PBXGroup;
			children = (
				4AA6A51615D1224A002AF56F /* FZAppDelegate.h */,
				4AA6A51715D1224A002AF56F /* FZAppDelegate.m */,
				4AA6A51915D1224A002AF56F /* MainStoryboard.storyboard */,
				4AA6A51C15D1224A002AF56F /* FZViewController.h */,
				4AA6A51D15D1224A002AF56F /* FZViewController.m */,
				4AA6A50E15D1224A002AF56F /* Supporting Files */,
			);
			path = textFieldA;
			sourceTree = "<group>";
		};
		4AA6A50E15D1224A002AF56F /* Supporting Files */ = {
			isa = PBXGroup;
			children = (
				4AA6A50F15D1224A002AF56F /* textFieldA-Info.plist */,
				4AA6A51015D1224A002AF56F /* InfoPlist.strings */,
				4AA6A51315D1224A002AF56F /* main.m */,
				4AA6A51515D1224A002AF56F /* textFieldA-Prefix.pch */,
			);
			name = "Supporting Files";
			sourceTree = "<group>";
		};
/* End PBXGroup section */

/* Begin PBXNativeTarget section */
		4AA6A50215D12249002AF56F /* textFieldA */ = {
			isa = PBXNativeTarget;
			buildConfigurationList = 4AA6A52115D1224A002AF56F /* Build configuration list for PBXNativeTarget "textFieldA" */;
			buildPhases = (
				4AA6A4FF15D12249002AF56F /* Sources */,
				4AA6A50015D12249002AF56F /* Frameworks */,
				4AA6A50115D12249002AF56F /* Resources */,
			);
			buildRules = (
			);
			dependencies = (
			);
			name = textFieldA;
			productName = textFieldA;
			productReference = 4AA6A50315D12249002AF56F /* textFieldA.app */;
			productType = "com.apple.product-type.application";
		};
/* End PBXNativeTarget section */

/* Begin PBXProject section */
		4AA6A4FA15D12249002AF56F /* Project object */ = {
			isa = PBXProject;
			attributes = {
				CLASSPREFIX = FZ;
				LastUpgradeCheck = 0430;
			};
			buildConfigurationList = 4AA6A4FD15D12249002AF56F /* Build configuration list for PBXProject "textFieldA" */;
			compatibilityVersion = "Xcode 3.2";
			developmentRegion = English;
			hasScannedForEncodings = 0;
			knownRegions = (
				en,
			);
			mainGroup = 4AA6A4F815D12249002AF56F;
			productRefGroup = 4AA6A50415D12249002AF56F /* Products */;
			projectDirPath = "";
			projectRoot = "";
			targets = (
				4AA6A50215D12249002AF56F /* textFieldA */,
			);
		};
/* End PBXProject section */

/* Begin PBXResourcesBuildPhase section */
		4AA6A50115D12249002AF56F /* Resources */ = {
			isa = PBXResourcesBuildPhase;
			buildActionMask = 2147483647;
			files = (
				4AA6A51215D1224A002AF56F /* InfoPlist.strings in Resources */,
				4AA6A51B15D1224A002AF56F /* MainStoryboard.storyboard in Resources */,
			);
			runOnlyForDeploymentPostprocessing = 0;
		};
/* End PBXResourcesBuildPhase section */

/* Begin PBXSourcesBuildPhase section */
		4AA6A4FF15D12249002AF56F /* Sources */ = {
			isa = PBXSourcesBuildPhase;
			buildActionMask = 2147483647;
			files = (
				4AA6A51415D1224A002AF56F /* main.m in Sources */,
				4AA6A51815D1224A002AF56F /* FZAppDelegate.m in Sources */,
				4AA6A51E15D1224A002AF56F /* FZViewController.m in Sources */,
			);
			runOnlyForDeploymentPostprocessing = 0;
		};
/* End PBXSourcesBuildPhase section */

/* Begin PBXVariantGroup section */
		4AA6A51015D1224A002AF56F /* InfoPlist.strings */ = {
			isa = PBXVariantGroup;
			children = (
				4AA6A51115D1224A002AF56F /* en */,
			);
			name = InfoPlist.strings;
			sourceTree = "<group>";
		};
		4AA6A51915D1224A002AF56F /* MainStoryboard.storyboard */ = {
			isa = PBXVariantGroup;
			children = (
				4AA6A51A15D1224A002AF56F /* en */,
			);
			name = MainStoryboard.storyboard;
			sourceTree = "<group>";
		};
/* End PBXVariantGroup section */

/* Begin XCBuildConfiguration section */
		4AA6A51F15D1224A002AF56F /* Debug */ = {
			isa = XCBuildConfiguration;
			buildSettings = {
				ALWAYS_SEARCH_USER_PATHS = NO;
				ARCHS = "$(ARCHS_STANDARD_32_BIT)";
				CLANG_ENABLE_OBJC_ARC = YES;
				"CODE_SIGN_IDENTITY[sdk=iphoneos*]" = "iPhone Developer";
				COPY_PHASE_STRIP = NO;
				GCC_C_LANGUAGE_STANDARD = gnu99;
				GCC_DYNAMIC_NO_PIC = NO;
				GCC_OPTIMIZATION_LEVEL = 0;
				GCC_PREPROCESSOR_DEFINITIONS = (
					"DEBUG=1",
					"$(inherited)",
				);
				GCC_SYMBOLS_PRIVATE_EXTERN = NO;
				GCC_VERSION = com.apple.compilers.llvm.clang.1_0;
				GCC_WARN_ABOUT_RETURN_TYPE = YES;
				GCC_WARN_UNINITIALIZED_AUTOS = YES;
				GCC_WARN_UNUSED_VARIABLE = YES;
				IPHONEOS_DEPLOYMENT_TARGET = 5.1;
				SDKROOT = iphoneos;
			};
			name = Debug;
		};
		4AA6A52015D1224A002AF56F /* Release */ = {
			isa = XCBuildConfiguration;
			buildSettings = {
				ALWAYS_SEARCH_USER_PATHS = NO;
				ARCHS = "$(ARCHS_STANDARD_32_BIT)";
				CLANG_ENABLE_OBJC_ARC = YES;
				"CODE_SIGN_IDENTITY[sdk=iphoneos*]" = "iPhone Developer";
				COPY_PHASE_STRIP = YES;
				GCC_C_LANGUAGE_STANDARD = gnu99;
				GCC_VERSION = com.apple.compilers.llvm.clang.1_0;
				GCC_WARN_ABOUT_RETURN_TYPE = YES;
				GCC_WARN_UNINITIALIZED_AUTOS = YES;
				GCC_WARN_UNUSED_VARIABLE = YES;
				IPHONEOS_DEPLOYMENT_TARGET = 5.1;
				OTHER_CFLAGS = "-DNS_BLOCK_ASSERTIONS=1";
				SDKROOT = iphoneos;
				VALIDATE_PRODUCT = YES;
			};
			name = Release;
		};
		4AA6A52215D1224A002AF56F /* Debug */ = {
			isa = XCBuildConfiguration;
			buildSettings = {
				GCC_PRECOMPILE_PREFIX_HEADER = YES;
				GCC_PREFIX_HEADER = "textFieldA/textFieldA-Prefix.pch";
				INFOPLIST_FILE = "textFieldA/textFieldA-Info.plist";
				PRODUCT_NAME = "$(TARGET_NAME)";
				WRAPPER_EXTENSION = app;
			};
			name = Debug;
		};
		4AA6A52315D1224A002AF56F /* Release */ = {
			isa = XCBuildConfiguration;
			buildSettings = {
				GCC_PRECOMPILE_PREFIX_HEADER = YES;
				GCC_PREFIX_HEADER = "textFieldA/textFieldA-Prefix.pch";
				INFOPLIST_FILE = "textFieldA/textFieldA-Info.plist";
				PRODUCT_NAME = "$(TARGET_NAME)";
				WRAPPER_EXTENSION = app;
			};
			name = Release;
		};
/* End XCBuildConfiguration section */

/* Begin XCConfigurationList section */
		4AA6A4FD15D12249002AF56F /* Build configuration list for PBXProject "textFieldA" */ = {
			isa = XCConfigurationList;
			buildConfigurations = (
				4AA6A51F15D1224A002AF56F /* Debug */,
				4AA6A52015D1224A002AF56F /* Release */,
			);
			defaultConfigurationIsVisible = 0;
			defaultConfigurationName = Release;
		};
		4AA6A52115D1224A002AF56F /* Build configuration list for PBXNativeTarget "textFieldA" */ = {
			isa = XCConfigurationList;
			buildConfigurations = (
				4AA6A52215D1224A002AF56F /* Debug */,
				4AA6A52315D1224A002AF56F /* Release */,
			);
			defaultConfigurationIsVisible = 0;
		};
/* End XCConfigurationList section */
	};
	rootObject = 4AA6A4FA15D12249002AF56F /* Project object */;
}
